
Microsoft Visual Studio Solution File, Format Version 12.00
# Visual Studio Version 16
VisualStudioVersion = 16.0.31829.152
MinimumVisualStudioVersion = 10.0.40219.1
Project("{FAE04EC0-301F-11D3-BF4B-00C04F79EFBC}") = "Inventory_Management_System_017", "Inventory_Management_System_017\Inventory_Management_System_017.csproj", "{39BBADF2-907F-49D0-9A01-3EE28A05CA48}"
EndProject
Global
	GlobalSection(SolutionConfigurationPlatforms) = preSolution
		Debug|Any CPU = Debug|Any CPU
		Release|Any CPU = Release|Any CPU
	EndGlobalSection
	GlobalSection(ProjectConfigurationPlatforms) = postSolution
		{39BBADF2-907F-49D0-9A01-3EE28A05CA48}.Debug|Any CPU.ActiveCfg = Debug|Any CPU
		{39BBADF2-907F-49D0-9A01-3EE28A05CA48}.Debug|Any CPU.Build.0 = Debug|Any CPU
		{39BBADF2-907F-49D0-9A01-3EE28A05CA48}.Release|Any CPU.ActiveCfg = Release|Any CPU
		{39BBADF2-907F-49D0-9A01-3EE28A05CA48}.Release|Any CPU.Build.0 = Release|Any CPU
	EndGlobalSection
	GlobalSection(SolutionProperties) = preSolution
		HideSolutionNode = FALSE
	EndGlobalSection
	GlobalSection(ExtensibilityGlobals) = postSolution
		SolutionGuid = {73544F87-E0DA-4594-B149-71CE6F99809C}
	EndGlobalSection
EndGlobal
